
Microsoft Visual Studio Solution File, Format Version 12.00
# Visual Studio Version 17
VisualStudioVersion = 17.5.33414.496
MinimumVisualStudioVersion = 10.0.40219.1
Project("{FAE04EC0-301F-11D3-BF4B-00C04F79EFBC}") = "Chess", "Chess\Chess.csproj", "{EEBC48FF-679D-4867-A06C-FA8EC3D71B84}"
EndProject
Global
	GlobalSection(SolutionConfigurationPlatforms) = preSolution
		Debug|Any CPU = Debug|Any CPU
		Release|Any CPU = Release|Any CPU
	EndGlobalSection
	GlobalSection(ProjectConfigurationPlatforms) = postSolution
		{EEBC48FF-679D-4867-A06C-FA8EC3D71B84}.Debug|Any CPU.ActiveCfg = Debug|Any CPU
		{EEBC48FF-679D-4867-A06C-FA8EC3D71B84}.Debug|Any CPU.Build.0 = Debug|Any CPU
		{EEBC48FF-679D-4867-A06C-FA8EC3D71B84}.Release|Any CPU.ActiveCfg = Release|Any CPU
		{EEBC48FF-679D-4867-A06C-FA8EC3D71B84}.Release|Any CPU.Build.0 = Release|Any CPU
	EndGlobalSection
	GlobalSection(SolutionProperties) = preSolution
		HideSolutionNode = FALSE
	EndGlobalSection
	GlobalSection(ExtensibilityGlobals) = postSolution
		SolutionGuid = {397E9A5D-A8E0-4A58-88DC-78CBB372A6BC}
	EndGlobalSection
EndGlobal
