
Microsoft Visual Studio Solution File, Format Version 12.00
# Visual Studio Version 17
VisualStudioVersion = 17.5.33414.496
MinimumVisualStudioVersion = 10.0.40219.1
Project("{FAE04EC0-301F-11D3-BF4B-00C04F79EFBC}") = "Factorilazation", "Factorilazation\Factorilazation.csproj", "{0C045D2E-B09A-4E7F-B1B3-5C06BD589834}"
EndProject
Global
	GlobalSection(SolutionConfigurationPlatforms) = preSolution
		Debug|Any CPU = Debug|Any CPU
		Release|Any CPU = Release|Any CPU
	EndGlobalSection
	GlobalSection(ProjectConfigurationPlatforms) = postSolution
		{0C045D2E-B09A-4E7F-B1B3-5C06BD589834}.Debug|Any CPU.ActiveCfg = Debug|Any CPU
		{0C045D2E-B09A-4E7F-B1B3-5C06BD589834}.Debug|Any CPU.Build.0 = Debug|Any CPU
		{0C045D2E-B09A-4E7F-B1B3-5C06BD589834}.Release|Any CPU.ActiveCfg = Release|Any CPU
		{0C045D2E-B09A-4E7F-B1B3-5C06BD589834}.Release|Any CPU.Build.0 = Release|Any CPU
	EndGlobalSection
	GlobalSection(SolutionProperties) = preSolution
		HideSolutionNode = FALSE
	EndGlobalSection
	GlobalSection(ExtensibilityGlobals) = postSolution
		SolutionGuid = {CDB1EDAE-4D74-4DF1-8328-CB139C283F7A}
	EndGlobalSection
EndGlobal
